
Microsoft Visual Studio Solution File, Format Version 12.00
# Visual Studio Version 17
VisualStudioVersion = 17.0.32014.148
MinimumVisualStudioVersion = 10.0.40219.1
Project("{2150E333-8FDC-42A3-9474-1A3956D46DE8}") = "Services", "Services", "{C9021E8D-FCDD-4387-B365-D5BED158CD66}"
EndProject
Project("{2150E333-8FDC-42A3-9474-1A3956D46DE8}") = "Catalog", "Catalog", "{35104067-46F9-4618-B225-50D91677B150}"
EndProject
Project("{9A19103F-16F7-4668-BE54-9A1E7A4F7556}") = "FreeCource.Services.Catalog", "Services\Catalog\FreeCource.Services.Catalog\FreeCource.Services.Catalog.csproj", "{F14E7DED-253C-4F33-B51D-408DE675D358}"
EndProject
Project("{2150E333-8FDC-42A3-9474-1A3956D46DE8}") = "Solution Items", "Solution Items", "{7DD89038-82BD-4E55-B69A-F5EC7A0A9865}"
	ProjectSection(SolutionItems) = preProject
		Ports.txt = Ports.txt
	EndProjectSection
EndProject
Project("{2150E333-8FDC-42A3-9474-1A3956D46DE8}") = "Shared", "Shared", "{2C734025-91C5-4FCE-8538-902367F47F81}"
EndProject
Project("{9A19103F-16F7-4668-BE54-9A1E7A4F7556}") = "FreeCourse.Shared", "Shared\FreeCourse.Shared\FreeCourse.Shared.csproj", "{0FA86EC7-8D1E-4E82-A73C-2B2105CECA76}"
EndProject
Project("{2150E333-8FDC-42A3-9474-1A3956D46DE8}") = "IdentityServer", "IdentityServer", "{DF8CF046-9CD4-4586-87E6-F00E8DC79120}"
EndProject
Project("{9A19103F-16F7-4668-BE54-9A1E7A4F7556}") = "FreeCourse.IdentityServer", "IdentityServer\FreeCourse.IdentityServer\FreeCourse.IdentityServer.csproj", "{B9850C88-5C65-4E1B-9D59-FDBD5867FE9A}"
EndProject
Project("{2150E333-8FDC-42A3-9474-1A3956D46DE8}") = "PhotoStock", "PhotoStock", "{E37C6940-A7AD-4ADC-9D93-B4A07A770107}"
EndProject
Project("{9A19103F-16F7-4668-BE54-9A1E7A4F7556}") = "FreeCourse.Services.PhotoStock", "Services\PhotoStock\FreeCourse.Services.PhotoStock\FreeCourse.Services.PhotoStock.csproj", "{04C20F74-585F-4C8A-8D6F-E3605F26500E}"
EndProject
Project("{2150E333-8FDC-42A3-9474-1A3956D46DE8}") = "Basket", "Basket", "{3931F35D-1903-402A-9A49-00698FB87DA3}"
EndProject
Project("{9A19103F-16F7-4668-BE54-9A1E7A4F7556}") = "FreeCourse.Services.Basket", "Services\Basket\FreeCourse.Services.Basket\FreeCourse.Services.Basket.csproj", "{3B8DFA9F-C9BA-4876-8828-0B6B56CE9DB3}"
EndProject
Project("{2150E333-8FDC-42A3-9474-1A3956D46DE8}") = "Discount", "Discount", "{DB5966DE-7D1E-40D2-9ED7-0E6488F248CE}"
EndProject
Project("{9A19103F-16F7-4668-BE54-9A1E7A4F7556}") = "FreeCourse.Service.Discount", "Services\Discount\FreeCourse.Service.Discount\FreeCourse.Service.Discount.csproj", "{2E160641-D925-4915-B275-37BB5C92E8DF}"
EndProject
Project("{2150E333-8FDC-42A3-9474-1A3956D46DE8}") = "Order", "Order", "{AD69D8AD-E742-4488-B632-206B72664A8B}"
EndProject
Project("{9A19103F-16F7-4668-BE54-9A1E7A4F7556}") = "FreeCourse.Service.Order.API", "Services\Order\FreeCourse.Service.Order.API\FreeCourse.Service.Order.API.csproj", "{382B76F4-08B8-4C50-8E11-C230B4B4B55F}"
EndProject
Project("{9A19103F-16F7-4668-BE54-9A1E7A4F7556}") = "FreeCourse.Services.Order.Application", "Services\Order\FreeCourse.Services.Order.Application\FreeCourse.Services.Order.Application.csproj", "{59956086-5E4D-4A7D-86CE-E256B15B5A90}"
EndProject
Project("{9A19103F-16F7-4668-BE54-9A1E7A4F7556}") = "FreeCourse.Services.Order.Domain", "Services\Order\FreeCourse.Services.Order.Domain\FreeCourse.Services.Order.Domain.csproj", "{DDC242C7-72A5-471B-B5D3-6ED1707F171D}"
EndProject
Project("{9A19103F-16F7-4668-BE54-9A1E7A4F7556}") = "FreeCourse.Services.Order.Domain.Core", "Services\Order\FreeCourse.Services.Order.Domain.Core\FreeCourse.Services.Order.Domain.Core.csproj", "{F7569F61-1D1C-4B6A-BEC3-A1DFF8C68CEF}"
EndProject
Project("{9A19103F-16F7-4668-BE54-9A1E7A4F7556}") = "FreeCourse.Services.Order.Infrastructure", "Services\Order\FreeCourse.Services.Order.Infrastructure\FreeCourse.Services.Order.Infrastructure.csproj", "{6D743E1A-24B7-42E7-BA03-2E5A50548373}"
EndProject
Project("{2150E333-8FDC-42A3-9474-1A3956D46DE8}") = "FakePayment", "FakePayment", "{51353ADE-ABE2-4F24-BE91-516DD57E3343}"
EndProject
Project("{9A19103F-16F7-4668-BE54-9A1E7A4F7556}") = "FreeCourse.Services.FakePayment", "Services\FakePayment\FreeCourse.Services.FakePayment\FreeCourse.Services.FakePayment.csproj", "{CFCF3CB2-340F-4FB3-90F5-A36B8D010CC6}"
EndProject
Project("{2150E333-8FDC-42A3-9474-1A3956D46DE8}") = "Gateways", "Gateways", "{9CF6BC37-863E-4A9A-8091-E43CE380EEE2}"
EndProject
Project("{9A19103F-16F7-4668-BE54-9A1E7A4F7556}") = "FreeCourse.Gateway", "FreeCourse.Gateway\FreeCourse.Gateway.csproj", "{50B02918-7A5C-4DB0-BCD3-2DC414F0FE06}"
EndProject
Project("{2150E333-8FDC-42A3-9474-1A3956D46DE8}") = "Frontends", "Frontends", "{50A6196D-EBE5-4585-8560-3D249939FAC3}"
EndProject
Project("{FAE04EC0-301F-11D3-BF4B-00C04F79EFBC}") = "FreeCourse.Web", "Frontends\FreeCourse.Web\FreeCourse.Web.csproj", "{6E91B7EE-1C40-435E-99F4-3678FA940FE6}"
EndProject
Global
	GlobalSection(SolutionConfigurationPlatforms) = preSolution
		Debug|Any CPU = Debug|Any CPU
		Release|Any CPU = Release|Any CPU
	EndGlobalSection
	GlobalSection(ProjectConfigurationPlatforms) = postSolution
		{F14E7DED-253C-4F33-B51D-408DE675D358}.Debug|Any CPU.ActiveCfg = Debug|Any CPU
		{F14E7DED-253C-4F33-B51D-408DE675D358}.Debug|Any CPU.Build.0 = Debug|Any CPU
		{F14E7DED-253C-4F33-B51D-408DE675D358}.Release|Any CPU.ActiveCfg = Release|Any CPU
		{F14E7DED-253C-4F33-B51D-408DE675D358}.Release|Any CPU.Build.0 = Release|Any CPU
		{0FA86EC7-8D1E-4E82-A73C-2B2105CECA76}.Debug|Any CPU.ActiveCfg = Debug|Any CPU
		{0FA86EC7-8D1E-4E82-A73C-2B2105CECA76}.Debug|Any CPU.Build.0 = Debug|Any CPU
		{0FA86EC7-8D1E-4E82-A73C-2B2105CECA76}.Release|Any CPU.ActiveCfg = Release|Any CPU
		{0FA86EC7-8D1E-4E82-A73C-2B2105CECA76}.Release|Any CPU.Build.0 = Release|Any CPU
		{B9850C88-5C65-4E1B-9D59-FDBD5867FE9A}.Debug|Any CPU.ActiveCfg = Debug|Any CPU
		{B9850C88-5C65-4E1B-9D59-FDBD5867FE9A}.Debug|Any CPU.Build.0 = Debug|Any CPU
		{B9850C88-5C65-4E1B-9D59-FDBD5867FE9A}.Release|Any CPU.ActiveCfg = Release|Any CPU
		{B9850C88-5C65-4E1B-9D59-FDBD5867FE9A}.Release|Any CPU.Build.0 = Release|Any CPU
		{04C20F74-585F-4C8A-8D6F-E3605F26500E}.Debug|Any CPU.ActiveCfg = Debug|Any CPU
		{04C20F74-585F-4C8A-8D6F-E3605F26500E}.Debug|Any CPU.Build.0 = Debug|Any CPU
		{04C20F74-585F-4C8A-8D6F-E3605F26500E}.Release|Any CPU.ActiveCfg = Release|Any CPU
		{04C20F74-585F-4C8A-8D6F-E3605F26500E}.Release|Any CPU.Build.0 = Release|Any CPU
		{3B8DFA9F-C9BA-4876-8828-0B6B56CE9DB3}.Debug|Any CPU.ActiveCfg = Debug|Any CPU
		{3B8DFA9F-C9BA-4876-8828-0B6B56CE9DB3}.Debug|Any CPU.Build.0 = Debug|Any CPU
		{3B8DFA9F-C9BA-4876-8828-0B6B56CE9DB3}.Release|Any CPU.ActiveCfg = Release|Any CPU
		{3B8DFA9F-C9BA-4876-8828-0B6B56CE9DB3}.Release|Any CPU.Build.0 = Release|Any CPU
		{2E160641-D925-4915-B275-37BB5C92E8DF}.Debug|Any CPU.ActiveCfg = Debug|Any CPU
		{2E160641-D925-4915-B275-37BB5C92E8DF}.Debug|Any CPU.Build.0 = Debug|Any CPU
		{2E160641-D925-4915-B275-37BB5C92E8DF}.Release|Any CPU.ActiveCfg = Release|Any CPU
		{2E160641-D925-4915-B275-37BB5C92E8DF}.Release|Any CPU.Build.0 = Release|Any CPU
		{382B76F4-08B8-4C50-8E11-C230B4B4B55F}.Debug|Any CPU.ActiveCfg = Debug|Any CPU
		{382B76F4-08B8-4C50-8E11-C230B4B4B55F}.Debug|Any CPU.Build.0 = Debug|Any CPU
		{382B76F4-08B8-4C50-8E11-C230B4B4B55F}.Release|Any CPU.ActiveCfg = Release|Any CPU
		{382B76F4-08B8-4C50-8E11-C230B4B4B55F}.Release|Any CPU.Build.0 = Release|Any CPU
		{59956086-5E4D-4A7D-86CE-E256B15B5A90}.Debug|Any CPU.ActiveCfg = Debug|Any CPU
		{59956086-5E4D-4A7D-86CE-E256B15B5A90}.Debug|Any CPU.Build.0 = Debug|Any CPU
		{59956086-5E4D-4A7D-86CE-E256B15B5A90}.Release|Any CPU.ActiveCfg = Release|Any CPU
		{59956086-5E4D-4A7D-86CE-E256B15B5A90}.Release|Any CPU.Build.0 = Release|Any CPU
		{DDC242C7-72A5-471B-B5D3-6ED1707F171D}.Debug|Any CPU.ActiveCfg = Debug|Any CPU
		{DDC242C7-72A5-471B-B5D3-6ED1707F171D}.Debug|Any CPU.Build.0 = Debug|Any CPU
		{DDC242C7-72A5-471B-B5D3-6ED1707F171D}.Release|Any CPU.ActiveCfg = Release|Any CPU
		{DDC242C7-72A5-471B-B5D3-6ED1707F171D}.Release|Any CPU.Build.0 = Release|Any CPU
		{F7569F61-1D1C-4B6A-BEC3-A1DFF8C68CEF}.Debug|Any CPU.ActiveCfg = Debug|Any CPU
		{F7569F61-1D1C-4B6A-BEC3-A1DFF8C68CEF}.Debug|Any CPU.Build.0 = Debug|Any CPU
		{F7569F61-1D1C-4B6A-BEC3-A1DFF8C68CEF}.Release|Any CPU.ActiveCfg = Release|Any CPU
		{F7569F61-1D1C-4B6A-BEC3-A1DFF8C68CEF}.Release|Any CPU.Build.0 = Release|Any CPU
		{6D743E1A-24B7-42E7-BA03-2E5A50548373}.Debug|Any CPU.ActiveCfg = Debug|Any CPU
		{6D743E1A-24B7-42E7-BA03-2E5A50548373}.Debug|Any CPU.Build.0 = Debug|Any CPU
		{6D743E1A-24B7-42E7-BA03-2E5A50548373}.Release|Any CPU.ActiveCfg = Release|Any CPU
		{6D743E1A-24B7-42E7-BA03-2E5A50548373}.Release|Any CPU.Build.0 = Release|Any CPU
		{CFCF3CB2-340F-4FB3-90F5-A36B8D010CC6}.Debug|Any CPU.ActiveCfg = Debug|Any CPU
		{CFCF3CB2-340F-4FB3-90F5-A36B8D010CC6}.Debug|Any CPU.Build.0 = Debug|Any CPU
		{CFCF3CB2-340F-4FB3-90F5-A36B8D010CC6}.Release|Any CPU.ActiveCfg = Release|Any CPU
		{CFCF3CB2-340F-4FB3-90F5-A36B8D010CC6}.Release|Any CPU.Build.0 = Release|Any CPU
		{50B02918-7A5C-4DB0-BCD3-2DC414F0FE06}.Debug|Any CPU.ActiveCfg = Debug|Any CPU
		{50B02918-7A5C-4DB0-BCD3-2DC414F0FE06}.Debug|Any CPU.Build.0 = Debug|Any CPU
		{50B02918-7A5C-4DB0-BCD3-2DC414F0FE06}.Release|Any CPU.ActiveCfg = Release|Any CPU
		{50B02918-7A5C-4DB0-BCD3-2DC414F0FE06}.Release|Any CPU.Build.0 = Release|Any CPU
		{6E91B7EE-1C40-435E-99F4-3678FA940FE6}.Debug|Any CPU.ActiveCfg = Debug|Any CPU
		{6E91B7EE-1C40-435E-99F4-3678FA940FE6}.Debug|Any CPU.Build.0 = Debug|Any CPU
		{6E91B7EE-1C40-435E-99F4-3678FA940FE6}.Release|Any CPU.ActiveCfg = Release|Any CPU
		{6E91B7EE-1C40-435E-99F4-3678FA940FE6}.Release|Any CPU.Build.0 = Release|Any CPU
	EndGlobalSection
	GlobalSection(SolutionProperties) = preSolution
		HideSolutionNode = FALSE
	EndGlobalSection
	GlobalSection(NestedProjects) = preSolution
		{35104067-46F9-4618-B225-50D91677B150} = {C9021E8D-FCDD-4387-B365-D5BED158CD66}
		{F14E7DED-253C-4F33-B51D-408DE675D358} = {35104067-46F9-4618-B225-50D91677B150}
		{0FA86EC7-8D1E-4E82-A73C-2B2105CECA76} = {2C734025-91C5-4FCE-8538-902367F47F81}
		{B9850C88-5C65-4E1B-9D59-FDBD5867FE9A} = {DF8CF046-9CD4-4586-87E6-F00E8DC79120}
		{E37C6940-A7AD-4ADC-9D93-B4A07A770107} = {C9021E8D-FCDD-4387-B365-D5BED158CD66}
		{04C20F74-585F-4C8A-8D6F-E3605F26500E} = {E37C6940-A7AD-4ADC-9D93-B4A07A770107}
		{3931F35D-1903-402A-9A49-00698FB87DA3} = {C9021E8D-FCDD-4387-B365-D5BED158CD66}
		{3B8DFA9F-C9BA-4876-8828-0B6B56CE9DB3} = {3931F35D-1903-402A-9A49-00698FB87DA3}
		{DB5966DE-7D1E-40D2-9ED7-0E6488F248CE} = {C9021E8D-FCDD-4387-B365-D5BED158CD66}
		{2E160641-D925-4915-B275-37BB5C92E8DF} = {DB5966DE-7D1E-40D2-9ED7-0E6488F248CE}
		{AD69D8AD-E742-4488-B632-206B72664A8B} = {C9021E8D-FCDD-4387-B365-D5BED158CD66}
		{382B76F4-08B8-4C50-8E11-C230B4B4B55F} = {AD69D8AD-E742-4488-B632-206B72664A8B}
		{59956086-5E4D-4A7D-86CE-E256B15B5A90} = {AD69D8AD-E742-4488-B632-206B72664A8B}
		{DDC242C7-72A5-471B-B5D3-6ED1707F171D} = {AD69D8AD-E742-4488-B632-206B72664A8B}
		{F7569F61-1D1C-4B6A-BEC3-A1DFF8C68CEF} = {AD69D8AD-E742-4488-B632-206B72664A8B}
		{6D743E1A-24B7-42E7-BA03-2E5A50548373} = {AD69D8AD-E742-4488-B632-206B72664A8B}
		{51353ADE-ABE2-4F24-BE91-516DD57E3343} = {C9021E8D-FCDD-4387-B365-D5BED158CD66}
		{CFCF3CB2-340F-4FB3-90F5-A36B8D010CC6} = {51353ADE-ABE2-4F24-BE91-516DD57E3343}
		{50B02918-7A5C-4DB0-BCD3-2DC414F0FE06} = {9CF6BC37-863E-4A9A-8091-E43CE380EEE2}
		{6E91B7EE-1C40-435E-99F4-3678FA940FE6} = {50A6196D-EBE5-4585-8560-3D249939FAC3}
	EndGlobalSection
	GlobalSection(ExtensibilityGlobals) = postSolution
		SolutionGuid = {C6868D9A-5431-47C0-B0F6-F189D66A3EBC}
	EndGlobalSection
EndGlobal
